
Microsoft Visual Studio Solution File, Format Version 12.00
# Visual Studio Version 17
VisualStudioVersion = 17.4.33205.214
MinimumVisualStudioVersion = 10.0.40219.1
Project("{9A19103F-16F7-4668-BE54-9A1E7A4F7556}") = "OnlineLearningg", "OnlineLearningg\OnlineLearningg.csproj", "{117DDF26-299D-43CE-B087-9768453CFC6B}"
EndProject
Project("{FAE04EC0-301F-11D3-BF4B-00C04F79EFBC}") = "OnlineLearningTesting", "OnlineLearningTesting\OnlineLearningTesting.csproj", "{D93820A2-EE81-4F7F-AFE7-396D9642BFA3}"
EndProject
Global
	GlobalSection(SolutionConfigurationPlatforms) = preSolution
		Debug|Any CPU = Debug|Any CPU
		Release|Any CPU = Release|Any CPU
	EndGlobalSection
	GlobalSection(ProjectConfigurationPlatforms) = postSolution
		{117DDF26-299D-43CE-B087-9768453CFC6B}.Debug|Any CPU.ActiveCfg = Debug|Any CPU
		{117DDF26-299D-43CE-B087-9768453CFC6B}.Debug|Any CPU.Build.0 = Debug|Any CPU
		{117DDF26-299D-43CE-B087-9768453CFC6B}.Release|Any CPU.ActiveCfg = Release|Any CPU
		{117DDF26-299D-43CE-B087-9768453CFC6B}.Release|Any CPU.Build.0 = Release|Any CPU
		{D93820A2-EE81-4F7F-AFE7-396D9642BFA3}.Debug|Any CPU.ActiveCfg = Debug|Any CPU
		{D93820A2-EE81-4F7F-AFE7-396D9642BFA3}.Debug|Any CPU.Build.0 = Debug|Any CPU
		{D93820A2-EE81-4F7F-AFE7-396D9642BFA3}.Release|Any CPU.ActiveCfg = Release|Any CPU
		{D93820A2-EE81-4F7F-AFE7-396D9642BFA3}.Release|Any CPU.Build.0 = Release|Any CPU
	EndGlobalSection
	GlobalSection(SolutionProperties) = preSolution
		HideSolutionNode = FALSE
	EndGlobalSection
	GlobalSection(ExtensibilityGlobals) = postSolution
		SolutionGuid = {1DA9C507-3915-49FC-B91C-65FCAAB807BB}
	EndGlobalSection
EndGlobal
